Microsoft Visual Studio Solution File, Format Version 12.00
# Visual Studio Version 17
VisualStudioVersion = 17.4.33213.308
MinimumVisualStudioVersion = 10.0.40219.1
Project("{9A19103F-16F7-4668-BE54-9A1E7A4F7556}") = "Wumpus", "Wumpus\Wumpus.csproj", "{A732291A-52DD-4C2A-875C-F6D0A42F2F78}"
	ProjectSection(ProjectDependencies) = postProject
		{B0FA2428-25AE-4766-83A1-B4C56137F43D} = {B0FA2428-25AE-4766-83A1-B4C56137F43D}
	EndProjectSection
EndProject
Project("{9A19103F-16F7-4668-BE54-9A1E7A4F7556}") = "CommandEngine", "CommandEngine\CommandEngine.csproj", "{B0FA2428-25AE-4766-83A1-B4C56137F43D}"
EndProject
Project("{9A19103F-16F7-4668-BE54-9A1E7A4F7556}") = "StarbaseTesting", "StarbaseTesting\StarbaseTesting.csproj", "{EE4E60DD-86AD-4BCC-9CB7-368DA3C13053}"
EndProject
Project("{9A19103F-16F7-4668-BE54-9A1E7A4F7556}") = "DieRoller", "DieRoller\DieRoller.csproj", "{A841558C-DD19-444B-AF77-897D96285DE6}"
EndProject
Project("{9A19103F-16F7-4668-BE54-9A1E7A4F7556}") = "RogueCrawler", "RogueCrawler\RogueCrawler.csproj", "{430FF795-EF0B-4607-BCEC-C3DC42A4E6A4}"
EndProject
Project("{9A19103F-16F7-4668-BE54-9A1E7A4F7556}") = "z_UnitTests_GameEngine", "z_UnitTests\z_UnitTests_GameEngine.csproj", "{E14D6E81-F0BD-4A87-8EA4-32504C3CE8C8}"
EndProject
Project("{FAE04EC0-301F-11D3-BF4B-00C04F79EFBC}") = "AlbionHelper", "AlbionHelper\AlbionHelper.csproj", "{898A1B62-9986-4E9F-AE24-ABB7ECB40E06}"
EndProject
Global
	GlobalSection(SolutionConfigurationPlatforms) = preSolution
		Debug|Any CPU = Debug|Any CPU
		Release|Any CPU = Release|Any CPU
	EndGlobalSection
	GlobalSection(ProjectConfigurationPlatforms) = postSolution
		{A732291A-52DD-4C2A-875C-F6D0A42F2F78}.Debug|Any CPU.ActiveCfg = Debug|Any CPU
		{A732291A-52DD-4C2A-875C-F6D0A42F2F78}.Debug|Any CPU.Build.0 = Debug|Any CPU
		{A732291A-52DD-4C2A-875C-F6D0A42F2F78}.Release|Any CPU.ActiveCfg = Release|Any CPU
		{A732291A-52DD-4C2A-875C-F6D0A42F2F78}.Release|Any CPU.Build.0 = Release|Any CPU
		{B0FA2428-25AE-4766-83A1-B4C56137F43D}.Debug|Any CPU.ActiveCfg = Debug|Any CPU
		{B0FA2428-25AE-4766-83A1-B4C56137F43D}.Debug|Any CPU.Build.0 = Debug|Any CPU
		{B0FA2428-25AE-4766-83A1-B4C56137F43D}.Release|Any CPU.ActiveCfg = Release|Any CPU
		{B0FA2428-25AE-4766-83A1-B4C56137F43D}.Release|Any CPU.Build.0 = Release|Any CPU
		{EE4E60DD-86AD-4BCC-9CB7-368DA3C13053}.Debug|Any CPU.ActiveCfg = Debug|Any CPU
		{EE4E60DD-86AD-4BCC-9CB7-368DA3C13053}.Debug|Any CPU.Build.0 = Debug|Any CPU
		{EE4E60DD-86AD-4BCC-9CB7-368DA3C13053}.Release|Any CPU.ActiveCfg = Release|Any CPU
		{EE4E60DD-86AD-4BCC-9CB7-368DA3C13053}.Release|Any CPU.Build.0 = Release|Any CPU
		{A841558C-DD19-444B-AF77-897D96285DE6}.Debug|Any CPU.ActiveCfg = Debug|Any CPU
		{A841558C-DD19-444B-AF77-897D96285DE6}.Debug|Any CPU.Build.0 = Debug|Any CPU
		{A841558C-DD19-444B-AF77-897D96285DE6}.Release|Any CPU.ActiveCfg = Release|Any CPU
		{A841558C-DD19-444B-AF77-897D96285DE6}.Release|Any CPU.Build.0 = Release|Any CPU
		{430FF795-EF0B-4607-BCEC-C3DC42A4E6A4}.Debug|Any CPU.ActiveCfg = Debug|Any CPU
		{430FF795-EF0B-4607-BCEC-C3DC42A4E6A4}.Debug|Any CPU.Build.0 = Debug|Any CPU
		{430FF795-EF0B-4607-BCEC-C3DC42A4E6A4}.Release|Any CPU.ActiveCfg = Release|Any CPU
		{430FF795-EF0B-4607-BCEC-C3DC42A4E6A4}.Release|Any CPU.Build.0 = Release|Any CPU
		{E14D6E81-F0BD-4A87-8EA4-32504C3CE8C8}.Debug|Any CPU.ActiveCfg = Debug|Any CPU
		{E14D6E81-F0BD-4A87-8EA4-32504C3CE8C8}.Debug|Any CPU.Build.0 = Debug|Any CPU
		{E14D6E81-F0BD-4A87-8EA4-32504C3CE8C8}.Release|Any CPU.ActiveCfg = Release|Any CPU
		{E14D6E81-F0BD-4A87-8EA4-32504C3CE8C8}.Release|Any CPU.Build.0 = Release|Any CPU
		{898A1B62-9986-4E9F-AE24-ABB7ECB40E06}.Debug|Any CPU.ActiveCfg = Debug|Any CPU
		{898A1B62-9986-4E9F-AE24-ABB7ECB40E06}.Debug|Any CPU.Build.0 = Debug|Any CPU
		{898A1B62-9986-4E9F-AE24-ABB7ECB40E06}.Release|Any CPU.ActiveCfg = Release|Any CPU
		{898A1B62-9986-4E9F-AE24-ABB7ECB40E06}.Release|Any CPU.Build.0 = Release|Any CPU
	EndGlobalSection
	GlobalSection(SolutionProperties) = preSolution
		HideSolutionNode = FALSE
	EndGlobalSection
	GlobalSection(ExtensibilityGlobals) = postSolution
		SolutionGuid = {9DB44B73-9110-4326-8FF2-6CA8D45948FD}
	EndGlobalSection
EndGlobal
